// !$*UTF8*$!
{
	archiveVersion = 1;
	classes = {
	};
	objectVersion = 56;
	objects = {

/* Begin PBXBuildFile section */
		639B100129B67E29006CB8E9 /* BoredIdeasApp.swift in Sources */ = {isa = PBXBuildFile; fileRef = 639B100029B67E29006CB8E9 /* BoredIdeasApp.swift */; };
		639B100329B67E29006CB8E9 /* ChooseActivityView.swift in Sources */ = {isa = PBXBuildFile; fileRef = 639B100229B67E29006CB8E9 /* ChooseActivityView.swift */; };
		639B100529B67E2B006CB8E9 /* Assets.xcassets in Resources */ = {isa = PBXBuildFile; fileRef = 639B100429B67E2B006CB8E9 /* Assets.xcassets */; };
		639B100929B67E2B006CB8E9 /* Preview Assets.xcassets in Resources */ = {isa = PBXBuildFile; fileRef = 639B100829B67E2B006CB8E9 /* Preview Assets.xcassets */; };
		639B101029B67F48006CB8E9 /* Activity.swift in Sources */ = {isa = PBXBuildFile; fileRef = 639B100F29B67F48006CB8E9 /* Activity.swift */; };
		639B101229B67FC9006CB8E9 /* ActivityService.swift in Sources */ = {isa = PBXBuildFile; fileRef = 639B101129B67FC9006CB8E9 /* ActivityService.swift */; };
		639B101629B68551006CB8E9 /* Theme.swift in Sources */ = {isa = PBXBuildFile; fileRef = 639B101529B68551006CB8E9 /* Theme.swift */; };
		639B101B29B68A2E006CB8E9 /* ActivityCardView.swift in Sources */ = {isa = PBXBuildFile; fileRef = 639B101A29B68A2E006CB8E9 /* ActivityCardView.swift */; };
		639B102029B68B81006CB8E9 /* ChooseActivityViewModel.swift in Sources */ = {isa = PBXBuildFile; fileRef = 639B101F29B68B81006CB8E9 /* ChooseActivityViewModel.swift */; };
		639B102429B68D7B006CB8E9 /* ActivityDetailView.swift in Sources */ = {isa = PBXBuildFile; fileRef = 639B102329B68D7B006CB8E9 /* ActivityDetailView.swift */; };
		639B102729B7A3B8006CB8E9 /* SeenActivitiesModel.xcdatamodeld in Sources */ = {isa = PBXBuildFile; fileRef = 639B102529B7A3B8006CB8E9 /* SeenActivitiesModel.xcdatamodeld */; };
		639B102A29B7A437006CB8E9 /* SeenActivityProvider.swift in Sources */ = {isa = PBXBuildFile; fileRef = 639B102929B7A437006CB8E9 /* SeenActivityProvider.swift */; };
		639B102C29B7A540006CB8E9 /* SeenActivity.swift in Sources */ = {isa = PBXBuildFile; fileRef = 639B102B29B7A540006CB8E9 /* SeenActivity.swift */; };
		639B103029B7B098006CB8E9 /* SeenActivitiesView.swift in Sources */ = {isa = PBXBuildFile; fileRef = 639B102F29B7B098006CB8E9 /* SeenActivitiesView.swift */; };
/* End PBXBuildFile section */

/* Begin PBXFileReference section */
		639B0FFD29B67E29006CB8E9 /* BoredIdeas.app */ = {isa = PBXFileReference; explicitFileType = wrapper.application; includeInIndex = 0; path = BoredIdeas.app; sourceTree = BUILT_PRODUCTS_DIR; };
		639B100029B67E29006CB8E9 /* BoredIdeasApp.swift */ = {isa = PBXFileReference; lastKnownFileType = sourcecode.swift; path = BoredIdeasApp.swift; sourceTree = "<group>"; };
		639B100229B67E29006CB8E9 /* ChooseActivityView.swift */ = {isa = PBXFileReference; lastKnownFileType = sourcecode.swift; path = ChooseActivityView.swift; sourceTree = "<group>"; };
		639B100429B67E2B006CB8E9 /* Assets.xcassets */ = {isa = PBXFileReference; lastKnownFileType = folder.assetcatalog; path = Assets.xcassets; sourceTree = "<group>"; };
		639B100629B67E2B006CB8E9 /* BoredIdeas.entitlements */ = {isa = PBXFileReference; lastKnownFileType = text.plist.entitlements; path = BoredIdeas.entitlements; sourceTree = "<group>"; };
		639B100829B67E2B006CB8E9 /* Preview Assets.xcassets */ = {isa = PBXFileReference; lastKnownFileType = folder.assetcatalog; path = "Preview Assets.xcassets"; sourceTree = "<group>"; };
		639B100F29B67F48006CB8E9 /* Activity.swift */ = {isa = PBXFileReference; lastKnownFileType = sourcecode.swift; path = Activity.swift; sourceTree = "<group>"; };
		639B101129B67FC9006CB8E9 /* ActivityService.swift */ = {isa = PBXFileReference; lastKnownFileType = sourcecode.swift; path = ActivityService.swift; sourceTree = "<group>"; };
		639B101529B68551006CB8E9 /* Theme.swift */ = {isa = PBXFileReference; lastKnownFileType = sourcecode.swift; path = Theme.swift; sourceTree = "<group>"; };
		639B101A29B68A2E006CB8E9 /* ActivityCardView.swift */ = {isa = PBXFileReference; lastKnownFileType = sourcecode.swift; path = ActivityCardView.swift; sourceTree = "<group>"; };
		639B101F29B68B81006CB8E9 /* ChooseActivityViewModel.swift */ = {isa = PBXFileReference; lastKnownFileType = sourcecode.swift; path = ChooseActivityViewModel.swift; sourceTree = "<group>"; };
		639B102329B68D7B006CB8E9 /* ActivityDetailView.swift */ = {isa = PBXFileReference; lastKnownFileType = sourcecode.swift; path = ActivityDetailView.swift; sourceTree = "<group>"; };
		639B102629B7A3B8006CB8E9 /* SeenActivities.xcdatamodel */ = {isa = PBXFileReference; lastKnownFileType = wrapper.xcdatamodel; path = SeenActivities.xcdatamodel; sourceTree = "<group>"; };
		639B102929B7A437006CB8E9 /* SeenActivityProvider.swift */ = {isa = PBXFileReference; lastKnownFileType = sourcecode.swift; path = SeenActivityProvider.swift; sourceTree = "<group>"; };
		639B102B29B7A540006CB8E9 /* SeenActivity.swift */ = {isa = PBXFileReference; lastKnownFileType = sourcecode.swift; path = SeenActivity.swift; sourceTree = "<group>"; };
		639B102F29B7B098006CB8E9 /* SeenActivitiesView.swift */ = {isa = PBXFileReference; lastKnownFileType = sourcecode.swift; path = SeenActivitiesView.swift; sourceTree = "<group>"; };
/* End PBXFileReference section */

/* Begin PBXFrameworksBuildPhase section */
		639B0FFA29B67E29006CB8E9 /* Frameworks */ = {
			isa = PBXFrameworksBuildPhase;
			buildActionMask = 2147483647;
			files = (
			);
			runOnlyForDeploymentPostprocessing = 0;
		};
/* End PBXFrameworksBuildPhase section */

/* Begin PBXGroup section */
		639B0FF429B67E29006CB8E9 = {
			isa = PBXGroup;
			children = (
				639B0FFF29B67E29006CB8E9 /* BoredIdeas */,
				639B0FFE29B67E29006CB8E9 /* Products */,
			);
			sourceTree = "<group>";
		};
		639B0FFE29B67E29006CB8E9 /* Products */ = {
			isa = PBXGroup;
			children = (
				639B0FFD29B67E29006CB8E9 /* BoredIdeas.app */,
			);
			name = Products;
			sourceTree = "<group>";
		};
		639B0FFF29B67E29006CB8E9 /* BoredIdeas */ = {
			isa = PBXGroup;
			children = (
				639B101729B689CC006CB8E9 /* Features */,
				639B101329B68544006CB8E9 /* Base */,
				639B100029B67E29006CB8E9 /* BoredIdeasApp.swift */,
				639B100429B67E2B006CB8E9 /* Assets.xcassets */,
				639B100629B67E2B006CB8E9 /* BoredIdeas.entitlements */,
				639B100729B67E2B006CB8E9 /* Preview Content */,
				639B100F29B67F48006CB8E9 /* Activity.swift */,
				639B101129B67FC9006CB8E9 /* ActivityService.swift */,
			);
			path = BoredIdeas;
			sourceTree = "<group>";
		};
		639B100729B67E2B006CB8E9 /* Preview Content */ = {
			isa = PBXGroup;
			children = (
				639B100829B67E2B006CB8E9 /* Preview Assets.xcassets */,
			);
			path = "Preview Content";
			sourceTree = "<group>";
		};
		639B101329B68544006CB8E9 /* Base */ = {
			isa = PBXGroup;
			children = (
				639B102829B7A425006CB8E9 /* Model */,
				639B101429B6854A006CB8E9 /* Resources */,
			);
			path = Base;
			sourceTree = "<group>";
		};
		639B101429B6854A006CB8E9 /* Resources */ = {
			isa = PBXGroup;
			children = (
				639B101529B68551006CB8E9 /* Theme.swift */,
			);
			path = Resources;
			sourceTree = "<group>";
		};
		639B101729B689CC006CB8E9 /* Features */ = {
			isa = PBXGroup;
			children = (
				639B102D29B7B06B006CB8E9 /* ViewActivities */,
				639B101829B689DA006CB8E9 /* ChooseActivity */,
			);
			path = Features;
			sourceTree = "<group>";
		};
		639B101829B689DA006CB8E9 /* ChooseActivity */ = {
			isa = PBXGroup;
			children = (
				639B101E29B68ACB006CB8E9 /* ViewModels */,
				639B101929B689F5006CB8E9 /* Views */,
			);
			path = ChooseActivity;
			sourceTree = "<group>";
		};
		639B101929B689F5006CB8E9 /* Views */ = {
			isa = PBXGroup;
			children = (
				639B100229B67E29006CB8E9 /* ChooseActivityView.swift */,
				639B101A29B68A2E006CB8E9 /* ActivityCardView.swift */,
				639B102329B68D7B006CB8E9 /* ActivityDetailView.swift */,
			);
			path = Views;
			sourceTree = "<group>";
		};
		639B101E29B68ACB006CB8E9 /* ViewModels */ = {
			isa = PBXGroup;
			children = (
				639B101F29B68B81006CB8E9 /* ChooseActivityViewModel.swift */,
			);
			path = ViewModels;
			sourceTree = "<group>";
		};
		639B102829B7A425006CB8E9 /* Model */ = {
			isa = PBXGroup;
			children = (
				639B102529B7A3B8006CB8E9 /* SeenActivitiesModel.xcdatamodeld */,
				639B102929B7A437006CB8E9 /* SeenActivityProvider.swift */,
				639B102B29B7A540006CB8E9 /* SeenActivity.swift */,
			);
			path = Model;
			sourceTree = "<group>";
		};
		639B102D29B7B06B006CB8E9 /* ViewActivities */ = {
			isa = PBXGroup;
			children = (
				639B102E29B7B079006CB8E9 /* Views */,
			);
			path = ViewActivities;
			sourceTree = "<group>";
		};
		639B102E29B7B079006CB8E9 /* Views */ = {
			isa = PBXGroup;
			children = (
				639B102F29B7B098006CB8E9 /* SeenActivitiesView.swift */,
			);
			path = Views;
			sourceTree = "<group>";
		};
/* End PBXGroup section */

/* Begin PBXNativeTarget section */
		639B0FFC29B67E29006CB8E9 /* BoredIdeas */ = {
			isa = PBXNativeTarget;
			buildConfigurationList = 639B100C29B67E2B006CB8E9 /* Build configuration list for PBXNativeTarget "BoredIdeas" */;
			buildPhases = (
				639B0FF929B67E29006CB8E9 /* Sources */,
				639B0FFA29B67E29006CB8E9 /* Frameworks */,
				639B0FFB29B67E29006CB8E9 /* Resources */,
			);
			buildRules = (
			);
			dependencies = (
			);
			name = BoredIdeas;
			productName = BoredIdeas;
			productReference = 639B0FFD29B67E29006CB8E9 /* BoredIdeas.app */;
			productType = "com.apple.product-type.application";
		};
/* End PBXNativeTarget section */

/* Begin PBXProject section */
		639B0FF529B67E29006CB8E9 /* Project object */ = {
			isa = PBXProject;
			attributes = {
				BuildIndependentTargetsInParallel = 1;
				LastSwiftUpdateCheck = 1420;
				LastUpgradeCheck = 1420;
				TargetAttributes = {
					639B0FFC29B67E29006CB8E9 = {
						CreatedOnToolsVersion = 14.2;
					};
				};
			};
			buildConfigurationList = 639B0FF829B67E29006CB8E9 /* Build configuration list for PBXProject "BoredIdeas" */;
			compatibilityVersion = "Xcode 14.0";
			developmentRegion = en;
			hasScannedForEncodings = 0;
			knownRegions = (
				en,
				Base,
			);
			mainGroup = 639B0FF429B67E29006CB8E9;
			productRefGroup = 639B0FFE29B67E29006CB8E9 /* Products */;
			projectDirPath = "";
			projectRoot = "";
			targets = (
				639B0FFC29B67E29006CB8E9 /* BoredIdeas */,
			);
		};
/* End PBXProject section */

/* Begin PBXResourcesBuildPhase section */
		639B0FFB29B67E29006CB8E9 /* Resources */ = {
			isa = PBXResourcesBuildPhase;
			buildActionMask = 2147483647;
			files = (
				639B100929B67E2B006CB8E9 /* Preview Assets.xcassets in Resources */,
				639B100529B67E2B006CB8E9 /* Assets.xcassets in Resources */,
			);
			runOnlyForDeploymentPostprocessing = 0;
		};
/* End PBXResourcesBuildPhase section */

/* Begin PBXSourcesBuildPhase section */
		639B0FF929B67E29006CB8E9 /* Sources */ = {
			isa = PBXSourcesBuildPhase;
			buildActionMask = 2147483647;
			files = (
				639B102429B68D7B006CB8E9 /* ActivityDetailView.swift in Sources */,
				639B102029B68B81006CB8E9 /* ChooseActivityViewModel.swift in Sources */,
				639B103029B7B098006CB8E9 /* SeenActivitiesView.swift in Sources */,
				639B101629B68551006CB8E9 /* Theme.swift in Sources */,
				639B101029B67F48006CB8E9 /* Activity.swift in Sources */,
				639B100329B67E29006CB8E9 /* ChooseActivityView.swift in Sources */,
				639B102C29B7A540006CB8E9 /* SeenActivity.swift in Sources */,
				639B101B29B68A2E006CB8E9 /* ActivityCardView.swift in Sources */,
				639B102729B7A3B8006CB8E9 /* SeenActivitiesModel.xcdatamodeld in Sources */,
				639B101229B67FC9006CB8E9 /* ActivityService.swift in Sources */,
				639B102A29B7A437006CB8E9 /* SeenActivityProvider.swift in Sources */,
				639B100129B67E29006CB8E9 /* BoredIdeasApp.swift in Sources */,
			);
			runOnlyForDeploymentPostprocessing = 0;
		};
/* End PBXSourcesBuildPhase section */

/* Begin XCBuildConfiguration section */
		639B100A29B67E2B006CB8E9 /* Debug */ = {
			isa = XCBuildConfiguration;
			buildSettings = {
				ALWAYS_SEARCH_USER_PATHS = NO;
				CLANG_ANALYZER_NONNULL = YES;
				CLANG_ANALYZER_NUMBER_OBJECT_CONVERSION = YES_AGGRESSIVE;
				CLANG_CXX_LANGUAGE_STANDARD = "gnu++20";
				CLANG_ENABLE_MODULES = YES;
				CLANG_ENABLE_OBJC_ARC = YES;
				CLANG_ENABLE_OBJC_WEAK = YES;
				CLANG_WARN_BLOCK_CAPTURE_AUTORELEASING = YES;
				CLANG_WARN_BOOL_CONVERSION = YES;
				CLANG_WARN_COMMA = YES;
				CLANG_WARN_CONSTANT_CONVERSION = YES;
				CLANG_WARN_DEPRECATED_OBJC_IMPLEMENTATIONS = YES;
				CLANG_WARN_DIRECT_OBJC_ISA_USAGE = YES_ERROR;
				CLANG_WARN_DOCUMENTATION_COMMENTS = YES;
				CLANG_WARN_EMPTY_BODY = YES;
				CLANG_WARN_ENUM_CONVERSION = YES;
				CLANG_WARN_INFINITE_RECURSION = YES;
				CLANG_WARN_INT_CONVERSION = YES;
				CLANG_WARN_NON_LITERAL_NULL_CONVERSION = YES;
				CLANG_WARN_OBJC_IMPLICIT_RETAIN_SELF = YES;
				CLANG_WARN_OBJC_LITERAL_CONVERSION = YES;
				CLANG_WARN_OBJC_ROOT_CLASS = YES_ERROR;
				CLANG_WARN_QUOTED_INCLUDE_IN_FRAMEWORK_HEADER = YES;
				CLANG_WARN_RANGE_LOOP_ANALYSIS = YES;
				CLANG_WARN_STRICT_PROTOTYPES = YES;
				CLANG_WARN_SUSPICIOUS_MOVE = YES;
				CLANG_WARN_UNGUARDED_AVAILABILITY = YES_AGGRESSIVE;
				CLANG_WARN_UNREACHABLE_CODE = YES;
				CLANG_WARN__DUPLICATE_METHOD_MATCH = YES;
				COPY_PHASE_STRIP = NO;
				DEBUG_INFORMATION_FORMAT = dwarf;
				ENABLE_STRICT_OBJC_MSGSEND = YES;
				ENABLE_TESTABILITY = YES;
				GCC_C_LANGUAGE_STANDARD = gnu11;
				GCC_DYNAMIC_NO_PIC = NO;
				GCC_NO_COMMON_BLOCKS = YES;
				GCC_OPTIMIZATION_LEVEL = 0;
				GCC_PREPROCESSOR_DEFINITIONS = (
					"DEBUG=1",
					"$(inherited)",
				);
				GCC_WARN_64_TO_32_BIT_CONVERSION = YES;
				GCC_WARN_ABOUT_RETURN_TYPE = YES_ERROR;
				GCC_WARN_UNDECLARED_SELECTOR = YES;
				GCC_WARN_UNINITIALIZED_AUTOS = YES_AGGRESSIVE;
				GCC_WARN_UNUSED_FUNCTION = YES;
				GCC_WARN_UNUSED_VARIABLE = YES;
				MTL_ENABLE_DEBUG_INFO = INCLUDE_SOURCE;
				MTL_FAST_MATH = YES;
				ONLY_ACTIVE_ARCH = YES;
				SWIFT_ACTIVE_COMPILATION_CONDITIONS = DEBUG;
				SWIFT_OPTIMIZATION_LEVEL = "-Onone";
			};
			name = Debug;
		};
		639B100B29B67E2B006CB8E9 /* Release */ = {
			isa = XCBuildConfiguration;
			buildSettings = {
				ALWAYS_SEARCH_USER_PATHS = NO;
				CLANG_ANALYZER_NONNULL = YES;
				CLANG_ANALYZER_NUMBER_OBJECT_CONVERSION = YES_AGGRESSIVE;
				CLANG_CXX_LANGUAGE_STANDARD = "gnu++20";
				CLANG_ENABLE_MODULES = YES;
				CLANG_ENABLE_OBJC_ARC = YES;
				CLANG_ENABLE_OBJC_WEAK = YES;
				CLANG_WARN_BLOCK_CAPTURE_AUTORELEASING = YES;
				CLANG_WARN_BOOL_CONVERSION = YES;
				CLANG_WARN_COMMA = YES;
				CLANG_WARN_CONSTANT_CONVERSION = YES;
				CLANG_WARN_DEPRECATED_OBJC_IMPLEMENTATIONS = YES;
				CLANG_WARN_DIRECT_OBJC_ISA_USAGE = YES_ERROR;
				CLANG_WARN_DOCUMENTATION_COMMENTS = YES;
				CLANG_WARN_EMPTY_BODY = YES;
				CLANG_WARN_ENUM_CONVERSION = YES;
				CLANG_WARN_INFINITE_RECURSION = YES;
				CLANG_WARN_INT_CONVERSION = YES;
				CLANG_WARN_NON_LITERAL_NULL_CONVERSION = YES;
				CLANG_WARN_OBJC_IMPLICIT_RETAIN_SELF = YES;
				CLANG_WARN_OBJC_LITERAL_CONVERSION = YES;
				CLANG_WARN_OBJC_ROOT_CLASS = YES_ERROR;
				CLANG_WARN_QUOTED_INCLUDE_IN_FRAMEWORK_HEADER = YES;
				CLANG_WARN_RANGE_LOOP_ANALYSIS = YES;
				CLANG_WARN_STRICT_PROTOTYPES = YES;
				CLANG_WARN_SUSPICIOUS_MOVE = YES;
				CLANG_WARN_UNGUARDED_AVAILABILITY = YES_AGGRESSIVE;
				CLANG_WARN_UNREACHABLE_CODE = YES;
				CLANG_WARN__DUPLICATE_METHOD_MATCH = YES;
				COPY_PHASE_STRIP = NO;
				DEBUG_INFORMATION_FORMAT = "dwarf-with-dsym";
				ENABLE_NS_ASSERTIONS = NO;
				ENABLE_STRICT_OBJC_MSGSEND = YES;
				GCC_C_LANGUAGE_STANDARD = gnu11;
				GCC_NO_COMMON_BLOCKS = YES;
				GCC_WARN_64_TO_32_BIT_CONVERSION = YES;
				GCC_WARN_ABOUT_RETURN_TYPE = YES_ERROR;
				GCC_WARN_UNDECLARED_SELECTOR = YES;
				GCC_WARN_UNINITIALIZED_AUTOS = YES_AGGRESSIVE;
				GCC_WARN_UNUSED_FUNCTION = YES;
				GCC_WARN_UNUSED_VARIABLE = YES;
				MTL_ENABLE_DEBUG_INFO = NO;
				MTL_FAST_MATH = YES;
				SWIFT_COMPILATION_MODE = wholemodule;
				SWIFT_OPTIMIZATION_LEVEL = "-O";
			};
			name = Release;
		};
		639B100D29B67E2B006CB8E9 /* Debug */ = {
			isa = XCBuildConfiguration;
			buildSettings = {
				ASSETCATALOG_COMPILER_APPICON_NAME = AppIcon;
				ASSETCATALOG_COMPILER_GLOBAL_ACCENT_COLOR_NAME = AccentColor;
				CODE_SIGN_ENTITLEMENTS = BoredIdeas/BoredIdeas.entitlements;
				CODE_SIGN_STYLE = Automatic;
				CURRENT_PROJECT_VERSION = 1;
				DEVELOPMENT_ASSET_PATHS = "\"BoredIdeas/Preview Content\"";
				DEVELOPMENT_TEAM = PGC4FV57FE;
				ENABLE_HARDENED_RUNTIME = YES;
				ENABLE_PREVIEWS = YES;
				GENERATE_INFOPLIST_FILE = YES;
				"INFOPLIST_KEY_UIApplicationSceneManifest_Generation[sdk=iphoneos*]" = YES;
				"INFOPLIST_KEY_UIApplicationSceneManifest_Generation[sdk=iphonesimulator*]" = YES;
				"INFOPLIST_KEY_UIApplicationSupportsIndirectInputEvents[sdk=iphoneos*]" = YES;
				"INFOPLIST_KEY_UIApplicationSupportsIndirectInputEvents[sdk=iphonesimulator*]" = YES;
				"INFOPLIST_KEY_UILaunchScreen_Generation[sdk=iphoneos*]" = YES;
				"INFOPLIST_KEY_UILaunchScreen_Generation[sdk=iphonesimulator*]" = YES;
				"INFOPLIST_KEY_UIStatusBarStyle[sdk=iphoneos*]" = UIStatusBarStyleDefault;
				"INFOPLIST_KEY_UIStatusBarStyle[sdk=iphonesimulator*]" = UIStatusBarStyleDefault;
				INFOPLIST_KEY_UISupportedInterfaceOrientations = UIInterfaceOrientationPortrait;
				INFOPLIST_KEY_UISupportedInterfaceOrientations_iPad = "UIInterfaceOrientationLandscapeLeft UIInterfaceOrientationLandscapeRight UIInterfaceOrientationPortrait UIInterfaceOrientationPortraitUpsideDown";
				IPHONEOS_DEPLOYMENT_TARGET = 16.2;
				LD_RUNPATH_SEARCH_PATHS = "@executable_path/Frameworks";
				"LD_RUNPATH_SEARCH_PATHS[sdk=macosx*]" = "@executable_path/../Frameworks";
				MACOSX_DEPLOYMENT_TARGET = 13.0;
				MARKETING_VERSION = 1.0;
				PRODUCT_BUNDLE_IDENTIFIER = com.david.BoredIdeas;
				PRODUCT_NAME = "$(TARGET_NAME)";
				SDKROOT = auto;
				SUPPORTED_PLATFORMS = "iphoneos iphonesimulator";
				SUPPORTS_MACCATALYST = NO;
				SUPPORTS_MAC_DESIGNED_FOR_IPHONE_IPAD = NO;
				SWIFT_EMIT_LOC_STRINGS = YES;
				SWIFT_VERSION = 5.0;
				TARGETED_DEVICE_FAMILY = 1;
			};
			name = Debug;
		};
		639B100E29B67E2B006CB8E9 /* Release */ = {
			isa = XCBuildConfiguration;
			buildSettings = {
				ASSETCATALOG_COMPILER_APPICON_NAME = AppIcon;
				ASSETCATALOG_COMPILER_GLOBAL_ACCENT_COLOR_NAME = AccentColor;
				CODE_SIGN_ENTITLEMENTS = BoredIdeas/BoredIdeas.entitlements;
				CODE_SIGN_STYLE = Automatic;
				CURRENT_PROJECT_VERSION = 1;
				DEVELOPMENT_ASSET_PATHS = "\"BoredIdeas/Preview Content\"";
				DEVELOPMENT_TEAM = PGC4FV57FE;
				ENABLE_HARDENED_RUNTIME = YES;
				ENABLE_PREVIEWS = YES;
				GENERATE_INFOPLIST_FILE = YES;
				"INFOPLIST_KEY_UIApplicationSceneManifest_Generation[sdk=iphoneos*]" = YES;
				"INFOPLIST_KEY_UIApplicationSceneManifest_Generation[sdk=iphonesimulator*]" = YES;
				"INFOPLIST_KEY_UIApplicationSupportsIndirectInputEvents[sdk=iphoneos*]" = YES;
				"INFOPLIST_KEY_UIApplicationSupportsIndirectInputEvents[sdk=iphonesimulator*]" = YES;
				"INFOPLIST_KEY_UILaunchScreen_Generation[sdk=iphoneos*]" = YES;
				"INFOPLIST_KEY_UILaunchScreen_Generation[sdk=iphonesimulator*]" = YES;
				"INFOPLIST_KEY_UIStatusBarStyle[sdk=iphoneos*]" = UIStatusBarStyleDefault;
				"INFOPLIST_KEY_UIStatusBarStyle[sdk=iphonesimulator*]" = UIStatusBarStyleDefault;
				INFOPLIST_KEY_UISupportedInterfaceOrientations = UIInterfaceOrientationPortrait;
				INFOPLIST_KEY_UISupportedInterfaceOrientations_iPad = "UIInterfaceOrientationLandscapeLeft UIInterfaceOrientationLandscapeRight UIInterfaceOrientationPortrait UIInterfaceOrientationPortraitUpsideDown";
				IPHONEOS_DEPLOYMENT_TARGET = 16.2;
				LD_RUNPATH_SEARCH_PATHS = "@executable_path/Frameworks";
				"LD_RUNPATH_SEARCH_PATHS[sdk=macosx*]" = "@executable_path/../Frameworks";
				MACOSX_DEPLOYMENT_TARGET = 13.0;
				MARKETING_VERSION = 1.0;
				PRODUCT_BUNDLE_IDENTIFIER = com.david.BoredIdeas;
				PRODUCT_NAME = "$(TARGET_NAME)";
				SDKROOT = auto;
				SUPPORTED_PLATFORMS = "iphoneos iphonesimulator";
				SUPPORTS_MACCATALYST = NO;
				SUPPORTS_MAC_DESIGNED_FOR_IPHONE_IPAD = NO;
				SWIFT_EMIT_LOC_STRINGS = YES;
				SWIFT_VERSION = 5.0;
				TARGETED_DEVICE_FAMILY = 1;
			};
			name = Release;
		};
/* End XCBuildConfiguration section */

/* Begin XCConfigurationList section */
		639B0FF829B67E29006CB8E9 /* Build configuration list for PBXProject "BoredIdeas" */ = {
			isa = XCConfigurationList;
			buildConfigurations = (
				639B100A29B67E2B006CB8E9 /* Debug */,
				639B100B29B67E2B006CB8E9 /* Release */,
			);
			defaultConfigurationIsVisible = 0;
			defaultConfigurationName = Release;
		};
		639B100C29B67E2B006CB8E9 /* Build configuration list for PBXNativeTarget "BoredIdeas" */ = {
			isa = XCConfigurationList;
			buildConfigurations = (
				639B100D29B67E2B006CB8E9 /* Debug */,
				639B100E29B67E2B006CB8E9 /* Release */,
			);
			defaultConfigurationIsVisible = 0;
			defaultConfigurationName = Release;
		};
/* End XCConfigurationList section */

/* Begin XCVersionGroup section */
		639B102529B7A3B8006CB8E9 /* SeenActivitiesModel.xcdatamodeld */ = {
			isa = XCVersionGroup;
			children = (
				639B102629B7A3B8006CB8E9 /* SeenActivities.xcdatamodel */,
			);
			currentVersion = 639B102629B7A3B8006CB8E9 /* SeenActivities.xcdatamodel */;
			path = SeenActivitiesModel.xcdatamodeld;
			sourceTree = "<group>";
			versionGroupType = wrapper.xcdatamodel;
		};
/* End XCVersionGroup section */
	};
	rootObject = 639B0FF529B67E29006CB8E9 /* Project object */;
}
